
Microsoft Visual Studio Solution File, Format Version 12.00
# Visual Studio Version 17
VisualStudioVersion = 17.14.36310.24 d17.14
MinimumVisualStudioVersion = 10.0.40219.1
Project("{FAE04EC0-301F-11D3-BF4B-00C04F79EFBC}") = "Blog_API", "Blog_API.csproj", "{B51F5FF3-73DF-4CCA-9E84-11A3EAF6357E}"
EndProject
Global
	GlobalSection(SolutionConfigurationPlatforms) = preSolution
		Debug|Any CPU = Debug|Any CPU
		Release|Any CPU = Release|Any CPU
	EndGlobalSection
	GlobalSection(ProjectConfigurationPlatforms) = postSolution
		{B51F5FF3-73DF-4CCA-9E84-11A3EAF6357E}.Debug|Any CPU.ActiveCfg = Debug|Any CPU
		{B51F5FF3-73DF-4CCA-9E84-11A3EAF6357E}.Debug|Any CPU.Build.0 = Debug|Any CPU
		{B51F5FF3-73DF-4CCA-9E84-11A3EAF6357E}.Release|Any CPU.ActiveCfg = Release|Any CPU
		{B51F5FF3-73DF-4CCA-9E84-11A3EAF6357E}.Release|Any CPU.Build.0 = Release|Any CPU
	EndGlobalSection
	GlobalSection(SolutionProperties) = preSolution
		HideSolutionNode = FALSE
	EndGlobalSection
	GlobalSection(ExtensibilityGlobals) = postSolution
		SolutionGuid = {01D0EF7E-DA6F-42B5-9AC0-224E9BA7E75A}
	EndGlobalSection
EndGlobal
